
Microsoft Visual Studio Solution File, Format Version 12.00
Project("{2150E333-8FDC-42A3-9474-1A3956D46DE8}") = "Src", "Src", "{C8619638-AD70-473B-9F8C-DFA0EFD2512E}"
EndProject
Project("{FAE04EC0-301F-11D3-BF4B-00C04F79EFBC}") = "ScholarPortal.Protos", "src\ScholarPortal.Protos\ScholarPortal.Protos.csproj", "{4012961B-E35A-4553-8F63-99CEB6894541}"
EndProject
Global
	GlobalSection(SolutionConfigurationPlatforms) = preSolution
		Debug|Any CPU = Debug|Any CPU
		Release|Any CPU = Release|Any CPU
	EndGlobalSection
	GlobalSection(NestedProjects) = preSolution
		{4012961B-E35A-4553-8F63-99CEB6894541} = {C8619638-AD70-473B-9F8C-DFA0EFD2512E}
	EndGlobalSection
	GlobalSection(ProjectConfigurationPlatforms) = postSolution
		{4012961B-E35A-4553-8F63-99CEB6894541}.Debug|Any CPU.ActiveCfg = Debug|Any CPU
		{4012961B-E35A-4553-8F63-99CEB6894541}.Debug|Any CPU.Build.0 = Debug|Any CPU
		{4012961B-E35A-4553-8F63-99CEB6894541}.Release|Any CPU.ActiveCfg = Release|Any CPU
		{4012961B-E35A-4553-8F63-99CEB6894541}.Release|Any CPU.Build.0 = Release|Any CPU
	EndGlobalSection
EndGlobal
